
Microsoft Visual Studio Solution File, Format Version 12.00
# Visual Studio Version 17
VisualStudioVersion = 17.4.33213.308
MinimumVisualStudioVersion = 10.0.40219.1
Project("{FAE04EC0-301F-11D3-BF4B-00C04F79EFBC}") = "Circular Priority Queue", "Circular Priority Queue.csproj", "{6F6EE3AA-6DFC-48A0-83AE-6A0992407575}"
EndProject
Global
	GlobalSection(SolutionConfigurationPlatforms) = preSolution
		Debug|Any CPU = Debug|Any CPU
		Release|Any CPU = Release|Any CPU
	EndGlobalSection
	GlobalSection(ProjectConfigurationPlatforms) = postSolution
		{6F6EE3AA-6DFC-48A0-83AE-6A0992407575}.Debug|Any CPU.ActiveCfg = Debug|Any CPU
		{6F6EE3AA-6DFC-48A0-83AE-6A0992407575}.Debug|Any CPU.Build.0 = Debug|Any CPU
		{6F6EE3AA-6DFC-48A0-83AE-6A0992407575}.Release|Any CPU.ActiveCfg = Release|Any CPU
		{6F6EE3AA-6DFC-48A0-83AE-6A0992407575}.Release|Any CPU.Build.0 = Release|Any CPU
	EndGlobalSection
	GlobalSection(SolutionProperties) = preSolution
		HideSolutionNode = FALSE
	EndGlobalSection
	GlobalSection(ExtensibilityGlobals) = postSolution
		SolutionGuid = {B9EE385F-2713-42B3-BF1E-3C710FB9D99F}
	EndGlobalSection
EndGlobal
